
Microsoft Visual Studio Solution File, Format Version 12.00
# Visual Studio Version 17
VisualStudioVersion = 17.6.33829.357
MinimumVisualStudioVersion = 10.0.40219.1
Project("{8BC9CEB8-8B4A-11D0-8D11-00A0C91BC942}") = "10-25", "10-25\10-25.vcxproj", "{CC6D1F4E-88D3-4865-99ED-2A8D428A4A91}"
EndProject
Global
	GlobalSection(SolutionConfigurationPlatforms) = preSolution
		Debug|x64 = Debug|x64
		Debug|x86 = Debug|x86
		Release|x64 = Release|x64
		Release|x86 = Release|x86
	EndGlobalSection
	GlobalSection(ProjectConfigurationPlatforms) = postSolution
		{CC6D1F4E-88D3-4865-99ED-2A8D428A4A91}.Debug|x64.ActiveCfg = Debug|x64
		{CC6D1F4E-88D3-4865-99ED-2A8D428A4A91}.Debug|x64.Build.0 = Debug|x64
		{CC6D1F4E-88D3-4865-99ED-2A8D428A4A91}.Debug|x86.ActiveCfg = Debug|Win32
		{CC6D1F4E-88D3-4865-99ED-2A8D428A4A91}.Debug|x86.Build.0 = Debug|Win32
		{CC6D1F4E-88D3-4865-99ED-2A8D428A4A91}.Release|x64.ActiveCfg = Release|x64
		{CC6D1F4E-88D3-4865-99ED-2A8D428A4A91}.Release|x64.Build.0 = Release|x64
		{CC6D1F4E-88D3-4865-99ED-2A8D428A4A91}.Release|x86.ActiveCfg = Release|Win32
		{CC6D1F4E-88D3-4865-99ED-2A8D428A4A91}.Release|x86.Build.0 = Release|Win32
	EndGlobalSection
	GlobalSection(SolutionProperties) = preSolution
		HideSolutionNode = FALSE
	EndGlobalSection
	GlobalSection(ExtensibilityGlobals) = postSolution
		SolutionGuid = {CF5DFEF8-7049-4317-9D01-F32AA2006395}
	EndGlobalSection
EndGlobal
