
Microsoft Visual Studio Solution File, Format Version 12.00
# Visual Studio Version 17
VisualStudioVersion = 17.6.33723.286
MinimumVisualStudioVersion = 10.0.40219.1
Project("{8BC9CEB8-8B4A-11D0-8D11-00A0C91BC942}") = "zz", "zz\zz.vcxproj", "{4A3F67D1-9EF3-4598-A9E2-FBE4CA1EF182}"
EndProject
Global
	GlobalSection(SolutionConfigurationPlatforms) = preSolution
		Debug|x64 = Debug|x64
		Debug|x86 = Debug|x86
		Release|x64 = Release|x64
		Release|x86 = Release|x86
	EndGlobalSection
	GlobalSection(ProjectConfigurationPlatforms) = postSolution
		{4A3F67D1-9EF3-4598-A9E2-FBE4CA1EF182}.Debug|x64.ActiveCfg = Debug|x64
		{4A3F67D1-9EF3-4598-A9E2-FBE4CA1EF182}.Debug|x64.Build.0 = Debug|x64
		{4A3F67D1-9EF3-4598-A9E2-FBE4CA1EF182}.Debug|x86.ActiveCfg = Debug|Win32
		{4A3F67D1-9EF3-4598-A9E2-FBE4CA1EF182}.Debug|x86.Build.0 = Debug|Win32
		{4A3F67D1-9EF3-4598-A9E2-FBE4CA1EF182}.Release|x64.ActiveCfg = Release|x64
		{4A3F67D1-9EF3-4598-A9E2-FBE4CA1EF182}.Release|x64.Build.0 = Release|x64
		{4A3F67D1-9EF3-4598-A9E2-FBE4CA1EF182}.Release|x86.ActiveCfg = Release|Win32
		{4A3F67D1-9EF3-4598-A9E2-FBE4CA1EF182}.Release|x86.Build.0 = Release|Win32
	EndGlobalSection
	GlobalSection(SolutionProperties) = preSolution
		HideSolutionNode = FALSE
	EndGlobalSection
	GlobalSection(ExtensibilityGlobals) = postSolution
		SolutionGuid = {B68C768A-7E80-48EE-BDA2-AB1CDDE56131}
	EndGlobalSection
EndGlobal
